
Microsoft Visual Studio Solution File, Format Version 11.00
# Visual Studio 2010 Express for Windows Phone
Project("{FAE04EC0-301F-11D3-BF4B-00C04F79EFBC}") = "TiledSharp", "TiledSharp\TiledSharp.csproj", "{E4130F8D-D301-4E0C-916D-489C4A23C9B1}"
EndProject
Project("{FAE04EC0-301F-11D3-BF4B-00C04F79EFBC}") = "TacticsContent", "TacticsContent\TacticsContent.contentproj", "{61FBCFB1-F03D-46CD-AAE5-43ED09ADEBD7}"
EndProject
Project("{FAE04EC0-301F-11D3-BF4B-00C04F79EFBC}") = "Tactics", "Tactics\Tactics.csproj", "{4F5EC8BB-F78D-4BB5-A4DA-A7677BDCF9B4}"
EndProject
Global
	GlobalSection(SolutionConfigurationPlatforms) = preSolution
		Debug|Any CPU = Debug|Any CPU
		Debug|Mixed Platforms = Debug|Mixed Platforms
		Debug|x86 = Debug|x86
		Profile|Any CPU = Profile|Any CPU
		Profile|Mixed Platforms = Profile|Mixed Platforms
		Profile|x86 = Profile|x86
		Release|Any CPU = Release|Any CPU
		Release|Mixed Platforms = Release|Mixed Platforms
		Release|x86 = Release|x86
	EndGlobalSection
	GlobalSection(ProjectConfigurationPlatforms) = postSolution
		{E4130F8D-D301-4E0C-916D-489C4A23C9B1}.Debug|Any CPU.ActiveCfg = Debug|Any CPU
		{E4130F8D-D301-4E0C-916D-489C4A23C9B1}.Debug|Any CPU.Build.0 = Debug|Any CPU
		{E4130F8D-D301-4E0C-916D-489C4A23C9B1}.Debug|Mixed Platforms.ActiveCfg = Debug|Any CPU
		{E4130F8D-D301-4E0C-916D-489C4A23C9B1}.Debug|Mixed Platforms.Build.0 = Debug|Any CPU
		{E4130F8D-D301-4E0C-916D-489C4A23C9B1}.Debug|x86.ActiveCfg = Debug|Any CPU
		{E4130F8D-D301-4E0C-916D-489C4A23C9B1}.Profile|Any CPU.ActiveCfg = Release|Any CPU
		{E4130F8D-D301-4E0C-916D-489C4A23C9B1}.Profile|Any CPU.Build.0 = Release|Any CPU
		{E4130F8D-D301-4E0C-916D-489C4A23C9B1}.Profile|Mixed Platforms.ActiveCfg = Release|Any CPU
		{E4130F8D-D301-4E0C-916D-489C4A23C9B1}.Profile|Mixed Platforms.Build.0 = Release|Any CPU
		{E4130F8D-D301-4E0C-916D-489C4A23C9B1}.Profile|x86.ActiveCfg = Release|Any CPU
		{E4130F8D-D301-4E0C-916D-489C4A23C9B1}.Release|Any CPU.ActiveCfg = Release|Any CPU
		{E4130F8D-D301-4E0C-916D-489C4A23C9B1}.Release|Any CPU.Build.0 = Release|Any CPU
		{E4130F8D-D301-4E0C-916D-489C4A23C9B1}.Release|Mixed Platforms.ActiveCfg = Release|Any CPU
		{E4130F8D-D301-4E0C-916D-489C4A23C9B1}.Release|Mixed Platforms.Build.0 = Release|Any CPU
		{E4130F8D-D301-4E0C-916D-489C4A23C9B1}.Release|x86.ActiveCfg = Release|Any CPU
		{61FBCFB1-F03D-46CD-AAE5-43ED09ADEBD7}.Debug|Any CPU.ActiveCfg = Debug|x86
		{61FBCFB1-F03D-46CD-AAE5-43ED09ADEBD7}.Debug|Mixed Platforms.ActiveCfg = Debug|x86
		{61FBCFB1-F03D-46CD-AAE5-43ED09ADEBD7}.Debug|x86.ActiveCfg = Debug|x86
		{61FBCFB1-F03D-46CD-AAE5-43ED09ADEBD7}.Profile|Any CPU.ActiveCfg = Release|x86
		{61FBCFB1-F03D-46CD-AAE5-43ED09ADEBD7}.Profile|Mixed Platforms.ActiveCfg = Release|x86
		{61FBCFB1-F03D-46CD-AAE5-43ED09ADEBD7}.Profile|x86.ActiveCfg = Release|x86
		{61FBCFB1-F03D-46CD-AAE5-43ED09ADEBD7}.Release|Any CPU.ActiveCfg = Release|x86
		{61FBCFB1-F03D-46CD-AAE5-43ED09ADEBD7}.Release|Mixed Platforms.ActiveCfg = Release|x86
		{61FBCFB1-F03D-46CD-AAE5-43ED09ADEBD7}.Release|x86.ActiveCfg = Release|x86
		{4F5EC8BB-F78D-4BB5-A4DA-A7677BDCF9B4}.Debug|Any CPU.ActiveCfg = Debug|x86
		{4F5EC8BB-F78D-4BB5-A4DA-A7677BDCF9B4}.Debug|Mixed Platforms.ActiveCfg = Debug|x86
		{4F5EC8BB-F78D-4BB5-A4DA-A7677BDCF9B4}.Debug|Mixed Platforms.Build.0 = Debug|x86
		{4F5EC8BB-F78D-4BB5-A4DA-A7677BDCF9B4}.Debug|x86.ActiveCfg = Debug|x86
		{4F5EC8BB-F78D-4BB5-A4DA-A7677BDCF9B4}.Debug|x86.Build.0 = Debug|x86
		{4F5EC8BB-F78D-4BB5-A4DA-A7677BDCF9B4}.Profile|Any CPU.ActiveCfg = Release|x86
		{4F5EC8BB-F78D-4BB5-A4DA-A7677BDCF9B4}.Profile|Mixed Platforms.ActiveCfg = Release|x86
		{4F5EC8BB-F78D-4BB5-A4DA-A7677BDCF9B4}.Profile|Mixed Platforms.Build.0 = Release|x86
		{4F5EC8BB-F78D-4BB5-A4DA-A7677BDCF9B4}.Profile|x86.ActiveCfg = Release|x86
		{4F5EC8BB-F78D-4BB5-A4DA-A7677BDCF9B4}.Profile|x86.Build.0 = Release|x86
		{4F5EC8BB-F78D-4BB5-A4DA-A7677BDCF9B4}.Release|Any CPU.ActiveCfg = Release|x86
		{4F5EC8BB-F78D-4BB5-A4DA-A7677BDCF9B4}.Release|Mixed Platforms.ActiveCfg = Release|x86
		{4F5EC8BB-F78D-4BB5-A4DA-A7677BDCF9B4}.Release|Mixed Platforms.Build.0 = Release|x86
		{4F5EC8BB-F78D-4BB5-A4DA-A7677BDCF9B4}.Release|x86.ActiveCfg = Release|x86
		{4F5EC8BB-F78D-4BB5-A4DA-A7677BDCF9B4}.Release|x86.Build.0 = Release|x86
	EndGlobalSection
	GlobalSection(SolutionProperties) = preSolution
		HideSolutionNode = FALSE
	EndGlobalSection
EndGlobal
